// !$*UTF8*$!
{
	archiveVersion = 1;
	classes = {
	};
	objectVersion = 77;
	objects = {

/* Begin PBXBuildFile section */
		3F9807CD2DCC94FF00FFE862 /* Breed+CoreDataClass.swift in Sources */ = {isa = PBXBuildFile; fileRef = 3F9807C92DCC94FF00FFE862 /* Breed+CoreDataClass.swift */; };
		3F9807CE2DCC94FF00FFE862 /* Dog+CoreDataClass.swift in Sources */ = {isa = PBXBuildFile; fileRef = 3F9807CB2DCC94FF00FFE862 /* Dog+CoreDataClass.swift */; };
		3F9807CF2DCC94FF00FFE862 /* Dog+CoreDataProperties.swift in Sources */ = {isa = PBXBuildFile; fileRef = 3F9807CC2DCC94FF00FFE862 /* Dog+CoreDataProperties.swift */; };
		3F9807D02DCC94FF00FFE862 /* Breed+CoreDataProperties.swift in Sources */ = {isa = PBXBuildFile; fileRef = 3F9807CA2DCC94FF00FFE862 /* Breed+CoreDataProperties.swift */; };
/* End PBXBuildFile section */

/* Begin PBXContainerItemProxy section */
		3F9807AD2DCC946D00FFE862 /* PBXContainerItemProxy */ = {
			isa = PBXContainerItemProxy;
			containerPortal = 3F98078F2DCC946C00FFE862 /* Project object */;
			proxyType = 1;
			remoteGlobalIDString = 3F9807962DCC946C00FFE862;
			remoteInfo = "PAMiOS-25-05-08-2";
		};
		3F9807B72DCC946D00FFE862 /* PBXContainerItemProxy */ = {
			isa = PBXContainerItemProxy;
			containerPortal = 3F98078F2DCC946C00FFE862 /* Project object */;
			proxyType = 1;
			remoteGlobalIDString = 3F9807962DCC946C00FFE862;
			remoteInfo = "PAMiOS-25-05-08-2";
		};
/* End PBXContainerItemProxy section */

/* Begin PBXFileReference section */
		3F9807972DCC946C00FFE862 /* PAMiOS-25-05-08-2.app */ = {isa = PBXFileReference; explicitFileType = wrapper.application; includeInIndex = 0; path = "PAMiOS-25-05-08-2.app"; sourceTree = BUILT_PRODUCTS_DIR; };
		3F9807AC2DCC946D00FFE862 /* PAMiOS-25-05-08-2Tests.xctest */ = {isa = PBXFileReference; explicitFileType = wrapper.cfbundle; includeInIndex = 0; path = "PAMiOS-25-05-08-2Tests.xctest"; sourceTree = BUILT_PRODUCTS_DIR; };
		3F9807B62DCC946D00FFE862 /* PAMiOS-25-05-08-2UITests.xctest */ = {isa = PBXFileReference; explicitFileType = wrapper.cfbundle; includeInIndex = 0; path = "PAMiOS-25-05-08-2UITests.xctest"; sourceTree = BUILT_PRODUCTS_DIR; };
		3F9807C92DCC94FF00FFE862 /* Breed+CoreDataClass.swift */ = {isa = PBXFileReference; lastKnownFileType = sourcecode.swift; path = "Breed+CoreDataClass.swift"; sourceTree = "<group>"; };
		3F9807CA2DCC94FF00FFE862 /* Breed+CoreDataProperties.swift */ = {isa = PBXFileReference; lastKnownFileType = sourcecode.swift; path = "Breed+CoreDataProperties.swift"; sourceTree = "<group>"; };
		3F9807CB2DCC94FF00FFE862 /* Dog+CoreDataClass.swift */ = {isa = PBXFileReference; lastKnownFileType = sourcecode.swift; path = "Dog+CoreDataClass.swift"; sourceTree = "<group>"; };
		3F9807CC2DCC94FF00FFE862 /* Dog+CoreDataProperties.swift */ = {isa = PBXFileReference; lastKnownFileType = sourcecode.swift; path = "Dog+CoreDataProperties.swift"; sourceTree = "<group>"; };
/* End PBXFileReference section */

/* Begin PBXFileSystemSynchronizedRootGroup section */
		3F9807992DCC946C00FFE862 /* PAMiOS-25-05-08-2 */ = {
			isa = PBXFileSystemSynchronizedRootGroup;
			path = "PAMiOS-25-05-08-2";
			sourceTree = "<group>";
		};
		3F9807AF2DCC946D00FFE862 /* PAMiOS-25-05-08-2Tests */ = {
			isa = PBXFileSystemSynchronizedRootGroup;
			path = "PAMiOS-25-05-08-2Tests";
			sourceTree = "<group>";
		};
		3F9807B92DCC946D00FFE862 /* PAMiOS-25-05-08-2UITests */ = {
			isa = PBXFileSystemSynchronizedRootGroup;
			path = "PAMiOS-25-05-08-2UITests";
			sourceTree = "<group>";
		};
/* End PBXFileSystemSynchronizedRootGroup section */

/* Begin PBXFrameworksBuildPhase section */
		3F9807942DCC946C00FFE862 /* Frameworks */ = {
			isa = PBXFrameworksBuildPhase;
			buildActionMask = 2147483647;
			files = (
			);
			runOnlyForDeploymentPostprocessing = 0;
		};
		3F9807A92DCC946D00FFE862 /* Frameworks */ = {
			isa = PBXFrameworksBuildPhase;
			buildActionMask = 2147483647;
			files = (
			);
			runOnlyForDeploymentPostprocessing = 0;
		};
		3F9807B32DCC946D00FFE862 /* Frameworks */ = {
			isa = PBXFrameworksBuildPhase;
			buildActionMask = 2147483647;
			files = (
			);
			runOnlyForDeploymentPostprocessing = 0;
		};
/* End PBXFrameworksBuildPhase section */

/* Begin PBXGroup section */
		3F98078E2DCC946C00FFE862 = {
			isa = PBXGroup;
			children = (
				3F9807C92DCC94FF00FFE862 /* Breed+CoreDataClass.swift */,
				3F9807CA2DCC94FF00FFE862 /* Breed+CoreDataProperties.swift */,
				3F9807CB2DCC94FF00FFE862 /* Dog+CoreDataClass.swift */,
				3F9807CC2DCC94FF00FFE862 /* Dog+CoreDataProperties.swift */,
				3F9807992DCC946C00FFE862 /* PAMiOS-25-05-08-2 */,
				3F9807AF2DCC946D00FFE862 /* PAMiOS-25-05-08-2Tests */,
				3F9807B92DCC946D00FFE862 /* PAMiOS-25-05-08-2UITests */,
				3F9807982DCC946C00FFE862 /* Products */,
			);
			sourceTree = "<group>";
		};
		3F9807982DCC946C00FFE862 /* Products */ = {
			isa = PBXGroup;
			children = (
				3F9807972DCC946C00FFE862 /* PAMiOS-25-05-08-2.app */,
				3F9807AC2DCC946D00FFE862 /* PAMiOS-25-05-08-2Tests.xctest */,
				3F9807B62DCC946D00FFE862 /* PAMiOS-25-05-08-2UITests.xctest */,
			);
			name = Products;
			sourceTree = "<group>";
		};
/* End PBXGroup section */

/* Begin PBXNativeTarget section */
		3F9807962DCC946C00FFE862 /* PAMiOS-25-05-08-2 */ = {
			isa = PBXNativeTarget;
			buildConfigurationList = 3F9807C02DCC946D00FFE862 /* Build configuration list for PBXNativeTarget "PAMiOS-25-05-08-2" */;
			buildPhases = (
				3F9807932DCC946C00FFE862 /* Sources */,
				3F9807942DCC946C00FFE862 /* Frameworks */,
				3F9807952DCC946C00FFE862 /* Resources */,
			);
			buildRules = (
			);
			dependencies = (
			);
			fileSystemSynchronizedGroups = (
				3F9807992DCC946C00FFE862 /* PAMiOS-25-05-08-2 */,
			);
			name = "PAMiOS-25-05-08-2";
			packageProductDependencies = (
			);
			productName = "PAMiOS-25-05-08-2";
			productReference = 3F9807972DCC946C00FFE862 /* PAMiOS-25-05-08-2.app */;
			productType = "com.apple.product-type.application";
		};
		3F9807AB2DCC946D00FFE862 /* PAMiOS-25-05-08-2Tests */ = {
			isa = PBXNativeTarget;
			buildConfigurationList = 3F9807C32DCC946D00FFE862 /* Build configuration list for PBXNativeTarget "PAMiOS-25-05-08-2Tests" */;
			buildPhases = (
				3F9807A82DCC946D00FFE862 /* Sources */,
				3F9807A92DCC946D00FFE862 /* Frameworks */,
				3F9807AA2DCC946D00FFE862 /* Resources */,
			);
			buildRules = (
			);
			dependencies = (
				3F9807AE2DCC946D00FFE862 /* PBXTargetDependency */,
			);
			fileSystemSynchronizedGroups = (
				3F9807AF2DCC946D00FFE862 /* PAMiOS-25-05-08-2Tests */,
			);
			name = "PAMiOS-25-05-08-2Tests";
			packageProductDependencies = (
			);
			productName = "PAMiOS-25-05-08-2Tests";
			productReference = 3F9807AC2DCC946D00FFE862 /* PAMiOS-25-05-08-2Tests.xctest */;
			productType = "com.apple.product-type.bundle.unit-test";
		};
		3F9807B52DCC946D00FFE862 /* PAMiOS-25-05-08-2UITests */ = {
			isa = PBXNativeTarget;
			buildConfigurationList = 3F9807C62DCC946D00FFE862 /* Build configuration list for PBXNativeTarget "PAMiOS-25-05-08-2UITests" */;
			buildPhases = (
				3F9807B22DCC946D00FFE862 /* Sources */,
				3F9807B32DCC946D00FFE862 /* Frameworks */,
				3F9807B42DCC946D00FFE862 /* Resources */,
			);
			buildRules = (
			);
			dependencies = (
				3F9807B82DCC946D00FFE862 /* PBXTargetDependency */,
			);
			fileSystemSynchronizedGroups = (
				3F9807B92DCC946D00FFE862 /* PAMiOS-25-05-08-2UITests */,
			);
			name = "PAMiOS-25-05-08-2UITests";
			packageProductDependencies = (
			);
			productName = "PAMiOS-25-05-08-2UITests";
			productReference = 3F9807B62DCC946D00FFE862 /* PAMiOS-25-05-08-2UITests.xctest */;
			productType = "com.apple.product-type.bundle.ui-testing";
		};
/* End PBXNativeTarget section */

/* Begin PBXProject section */
		3F98078F2DCC946C00FFE862 /* Project object */ = {
			isa = PBXProject;
			attributes = {
				BuildIndependentTargetsInParallel = 1;
				LastSwiftUpdateCheck = 1600;
				LastUpgradeCheck = 1600;
				TargetAttributes = {
					3F9807962DCC946C00FFE862 = {
						CreatedOnToolsVersion = 16.0;
					};
					3F9807AB2DCC946D00FFE862 = {
						CreatedOnToolsVersion = 16.0;
						TestTargetID = 3F9807962DCC946C00FFE862;
					};
					3F9807B52DCC946D00FFE862 = {
						CreatedOnToolsVersion = 16.0;
						TestTargetID = 3F9807962DCC946C00FFE862;
					};
				};
			};
			buildConfigurationList = 3F9807922DCC946C00FFE862 /* Build configuration list for PBXProject "PAMiOS-25-05-08-2" */;
			developmentRegion = en;
			hasScannedForEncodings = 0;
			knownRegions = (
				en,
				Base,
			);
			mainGroup = 3F98078E2DCC946C00FFE862;
			minimizedProjectReferenceProxies = 1;
			preferredProjectObjectVersion = 77;
			productRefGroup = 3F9807982DCC946C00FFE862 /* Products */;
			projectDirPath = "";
			projectRoot = "";
			targets = (
				3F9807962DCC946C00FFE862 /* PAMiOS-25-05-08-2 */,
				3F9807AB2DCC946D00FFE862 /* PAMiOS-25-05-08-2Tests */,
				3F9807B52DCC946D00FFE862 /* PAMiOS-25-05-08-2UITests */,
			);
		};
/* End PBXProject section */

/* Begin PBXResourcesBuildPhase section */
		3F9807952DCC946C00FFE862 /* Resources */ = {
			isa = PBXResourcesBuildPhase;
			buildActionMask = 2147483647;
			files = (
			);
			runOnlyForDeploymentPostprocessing = 0;
		};
		3F9807AA2DCC946D00FFE862 /* Resources */ = {
			isa = PBXResourcesBuildPhase;
			buildActionMask = 2147483647;
			files = (
			);
			runOnlyForDeploymentPostprocessing = 0;
		};
		3F9807B42DCC946D00FFE862 /* Resources */ = {
			isa = PBXResourcesBuildPhase;
			buildActionMask = 2147483647;
			files = (
			);
			runOnlyForDeploymentPostprocessing = 0;
		};
/* End PBXResourcesBuildPhase section */

/* Begin PBXSourcesBuildPhase section */
		3F9807932DCC946C00FFE862 /* Sources */ = {
			isa = PBXSourcesBuildPhase;
			buildActionMask = 2147483647;
			files = (
				3F9807CD2DCC94FF00FFE862 /* Breed+CoreDataClass.swift in Sources */,
				3F9807CE2DCC94FF00FFE862 /* Dog+CoreDataClass.swift in Sources */,
				3F9807CF2DCC94FF00FFE862 /* Dog+CoreDataProperties.swift in Sources */,
				3F9807D02DCC94FF00FFE862 /* Breed+CoreDataProperties.swift in Sources */,
			);
			runOnlyForDeploymentPostprocessing = 0;
		};
		3F9807A82DCC946D00FFE862 /* Sources */ = {
			isa = PBXSourcesBuildPhase;
			buildActionMask = 2147483647;
			files = (
			);
			runOnlyForDeploymentPostprocessing = 0;
		};
		3F9807B22DCC946D00FFE862 /* Sources */ = {
			isa = PBXSourcesBuildPhase;
			buildActionMask = 2147483647;
			files = (
			);
			runOnlyForDeploymentPostprocessing = 0;
		};
/* End PBXSourcesBuildPhase section */

/* Begin PBXTargetDependency section */
		3F9807AE2DCC946D00FFE862 /* PBXTargetDependency */ = {
			isa = PBXTargetDependency;
			target = 3F9807962DCC946C00FFE862 /* PAMiOS-25-05-08-2 */;
			targetProxy = 3F9807AD2DCC946D00FFE862 /* PBXContainerItemProxy */;
		};
		3F9807B82DCC946D00FFE862 /* PBXTargetDependency */ = {
			isa = PBXTargetDependency;
			target = 3F9807962DCC946C00FFE862 /* PAMiOS-25-05-08-2 */;
			targetProxy = 3F9807B72DCC946D00FFE862 /* PBXContainerItemProxy */;
		};
/* End PBXTargetDependency section */

/* Begin XCBuildConfiguration section */
		3F9807BE2DCC946D00FFE862 /* Debug */ = {
			isa = XCBuildConfiguration;
			buildSettings = {
				ALWAYS_SEARCH_USER_PATHS = NO;
				ASSETCATALOG_COMPILER_GENERATE_SWIFT_ASSET_SYMBOL_EXTENSIONS = YES;
				CLANG_ANALYZER_NONNULL = YES;
				CLANG_ANALYZER_NUMBER_OBJECT_CONVERSION = YES_AGGRESSIVE;
				CLANG_CXX_LANGUAGE_STANDARD = "gnu++20";
				CLANG_ENABLE_MODULES = YES;
				CLANG_ENABLE_OBJC_ARC = YES;
				CLANG_ENABLE_OBJC_WEAK = YES;
				CLANG_WARN_BLOCK_CAPTURE_AUTORELEASING = YES;
				CLANG_WARN_BOOL_CONVERSION = YES;
				CLANG_WARN_COMMA = YES;
				CLANG_WARN_CONSTANT_CONVERSION = YES;
				CLANG_WARN_DEPRECATED_OBJC_IMPLEMENTATIONS = YES;
				CLANG_WARN_DIRECT_OBJC_ISA_USAGE = YES_ERROR;
				CLANG_WARN_DOCUMENTATION_COMMENTS = YES;
				CLANG_WARN_EMPTY_BODY = YES;
				CLANG_WARN_ENUM_CONVERSION = YES;
				CLANG_WARN_INFINITE_RECURSION = YES;
				CLANG_WARN_INT_CONVERSION = YES;
				CLANG_WARN_NON_LITERAL_NULL_CONVERSION = YES;
				CLANG_WARN_OBJC_IMPLICIT_RETAIN_SELF = YES;
				CLANG_WARN_OBJC_LITERAL_CONVERSION = YES;
				CLANG_WARN_OBJC_ROOT_CLASS = YES_ERROR;
				CLANG_WARN_QUOTED_INCLUDE_IN_FRAMEWORK_HEADER = YES;
				CLANG_WARN_RANGE_LOOP_ANALYSIS = YES;
				CLANG_WARN_STRICT_PROTOTYPES = YES;
				CLANG_WARN_SUSPICIOUS_MOVE = YES;
				CLANG_WARN_UNGUARDED_AVAILABILITY = YES_AGGRESSIVE;
				CLANG_WARN_UNREACHABLE_CODE = YES;
				CLANG_WARN__DUPLICATE_METHOD_MATCH = YES;
				COPY_PHASE_STRIP = NO;
				DEBUG_INFORMATION_FORMAT = dwarf;
				ENABLE_STRICT_OBJC_MSGSEND = YES;
				ENABLE_TESTABILITY = YES;
				ENABLE_USER_SCRIPT_SANDBOXING = YES;
				GCC_C_LANGUAGE_STANDARD = gnu17;
				GCC_DYNAMIC_NO_PIC = NO;
				GCC_NO_COMMON_BLOCKS = YES;
				GCC_OPTIMIZATION_LEVEL = 0;
				GCC_PREPROCESSOR_DEFINITIONS = (
					"DEBUG=1",
					"$(inherited)",
				);
				GCC_WARN_64_TO_32_BIT_CONVERSION = YES;
				GCC_WARN_ABOUT_RETURN_TYPE = YES_ERROR;
				GCC_WARN_UNDECLARED_SELECTOR = YES;
				GCC_WARN_UNINITIALIZED_AUTOS = YES_AGGRESSIVE;
				GCC_WARN_UNUSED_FUNCTION = YES;
				GCC_WARN_UNUSED_VARIABLE = YES;
				IPHONEOS_DEPLOYMENT_TARGET = 18.0;
				LOCALIZATION_PREFERS_STRING_CATALOGS = YES;
				MTL_ENABLE_DEBUG_INFO = INCLUDE_SOURCE;
				MTL_FAST_MATH = YES;
				ONLY_ACTIVE_ARCH = YES;
				SDKROOT = iphoneos;
				SWIFT_ACTIVE_COMPILATION_CONDITIONS = "DEBUG $(inherited)";
				SWIFT_OPTIMIZATION_LEVEL = "-Onone";
			};
			name = Debug;
		};
		3F9807BF2DCC946D00FFE862 /* Release */ = {
			isa = XCBuildConfiguration;
			buildSettings = {
				ALWAYS_SEARCH_USER_PATHS = NO;
				ASSETCATALOG_COMPILER_GENERATE_SWIFT_ASSET_SYMBOL_EXTENSIONS = YES;
				CLANG_ANALYZER_NONNULL = YES;
				CLANG_ANALYZER_NUMBER_OBJECT_CONVERSION = YES_AGGRESSIVE;
				CLANG_CXX_LANGUAGE_STANDARD = "gnu++20";
				CLANG_ENABLE_MODULES = YES;
				CLANG_ENABLE_OBJC_ARC = YES;
				CLANG_ENABLE_OBJC_WEAK = YES;
				CLANG_WARN_BLOCK_CAPTURE_AUTORELEASING = YES;
				CLANG_WARN_BOOL_CONVERSION = YES;
				CLANG_WARN_COMMA = YES;
				CLANG_WARN_CONSTANT_CONVERSION = YES;
				CLANG_WARN_DEPRECATED_OBJC_IMPLEMENTATIONS = YES;
				CLANG_WARN_DIRECT_OBJC_ISA_USAGE = YES_ERROR;
				CLANG_WARN_DOCUMENTATION_COMMENTS = YES;
				CLANG_WARN_EMPTY_BODY = YES;
				CLANG_WARN_ENUM_CONVERSION = YES;
				CLANG_WARN_INFINITE_RECURSION = YES;
				CLANG_WARN_INT_CONVERSION = YES;
				CLANG_WARN_NON_LITERAL_NULL_CONVERSION = YES;
				CLANG_WARN_OBJC_IMPLICIT_RETAIN_SELF = YES;
				CLANG_WARN_OBJC_LITERAL_CONVERSION = YES;
				CLANG_WARN_OBJC_ROOT_CLASS = YES_ERROR;
				CLANG_WARN_QUOTED_INCLUDE_IN_FRAMEWORK_HEADER = YES;
				CLANG_WARN_RANGE_LOOP_ANALYSIS = YES;
				CLANG_WARN_STRICT_PROTOTYPES = YES;
				CLANG_WARN_SUSPICIOUS_MOVE = YES;
				CLANG_WARN_UNGUARDED_AVAILABILITY = YES_AGGRESSIVE;
				CLANG_WARN_UNREACHABLE_CODE = YES;
				CLANG_WARN__DUPLICATE_METHOD_MATCH = YES;
				COPY_PHASE_STRIP = NO;
				DEBUG_INFORMATION_FORMAT = "dwarf-with-dsym";
				ENABLE_NS_ASSERTIONS = NO;
				ENABLE_STRICT_OBJC_MSGSEND = YES;
				ENABLE_USER_SCRIPT_SANDBOXING = YES;
				GCC_C_LANGUAGE_STANDARD = gnu17;
				GCC_NO_COMMON_BLOCKS = YES;
				GCC_WARN_64_TO_32_BIT_CONVERSION = YES;
				GCC_WARN_ABOUT_RETURN_TYPE = YES_ERROR;
				GCC_WARN_UNDECLARED_SELECTOR = YES;
				GCC_WARN_UNINITIALIZED_AUTOS = YES_AGGRESSIVE;
				GCC_WARN_UNUSED_FUNCTION = YES;
				GCC_WARN_UNUSED_VARIABLE = YES;
				IPHONEOS_DEPLOYMENT_TARGET = 18.0;
				LOCALIZATION_PREFERS_STRING_CATALOGS = YES;
				MTL_ENABLE_DEBUG_INFO = NO;
				MTL_FAST_MATH = YES;
				SDKROOT = iphoneos;
				SWIFT_COMPILATION_MODE = wholemodule;
				VALIDATE_PRODUCT = YES;
			};
			name = Release;
		};
		3F9807C12DCC946D00FFE862 /* Debug */ = {
			isa = XCBuildConfiguration;
			buildSettings = {
				ASSETCATALOG_COMPILER_APPICON_NAME = AppIcon;
				ASSETCATALOG_COMPILER_GLOBAL_ACCENT_COLOR_NAME = AccentColor;
				CODE_SIGN_STYLE = Automatic;
				CURRENT_PROJECT_VERSION = 1;
				DEVELOPMENT_ASSET_PATHS = "\"PAMiOS-25-05-08-2/Preview Content\"";
				ENABLE_PREVIEWS = YES;
				GENERATE_INFOPLIST_FILE = YES;
				INFOPLIST_KEY_UIApplicationSceneManifest_Generation = YES;
				INFOPLIST_KEY_UIApplicationSupportsIndirectInputEvents = YES;
				INFOPLIST_KEY_UILaunchScreen_Generation = YES;
				INFOPLIST_KEY_UISupportedInterfaceOrientations_iPad = "UIInterfaceOrientationPortrait UIInterfaceOrientationPortraitUpsideDown UIInterfaceOrientationLandscapeLeft UIInterfaceOrientationLandscapeRight";
				INFOPLIST_KEY_UISupportedInterfaceOrientations_iPhone = "UIInterfaceOrientationPortrait UIInterfaceOrientationLandscapeLeft UIInterfaceOrientationLandscapeRight";
				LD_RUNPATH_SEARCH_PATHS = (
					"$(inherited)",
					"@executable_path/Frameworks",
				);
				MARKETING_VERSION = 1.0;
				PRODUCT_BUNDLE_IDENTIFIER = "pollub.PAMiOS-25-05-08-2";
				PRODUCT_NAME = "$(TARGET_NAME)";
				SWIFT_EMIT_LOC_STRINGS = YES;
				SWIFT_VERSION = 5.0;
				TARGETED_DEVICE_FAMILY = "1,2";
			};
			name = Debug;
		};
		3F9807C22DCC946D00FFE862 /* Release */ = {
			isa = XCBuildConfiguration;
			buildSettings = {
				ASSETCATALOG_COMPILER_APPICON_NAME = AppIcon;
				ASSETCATALOG_COMPILER_GLOBAL_ACCENT_COLOR_NAME = AccentColor;
				CODE_SIGN_STYLE = Automatic;
				CURRENT_PROJECT_VERSION = 1;
				DEVELOPMENT_ASSET_PATHS = "\"PAMiOS-25-05-08-2/Preview Content\"";
				ENABLE_PREVIEWS = YES;
				GENERATE_INFOPLIST_FILE = YES;
				INFOPLIST_KEY_UIApplicationSceneManifest_Generation = YES;
				INFOPLIST_KEY_UIApplicationSupportsIndirectInputEvents = YES;
				INFOPLIST_KEY_UILaunchScreen_Generation = YES;
				INFOPLIST_KEY_UISupportedInterfaceOrientations_iPad = "UIInterfaceOrientationPortrait UIInterfaceOrientationPortraitUpsideDown UIInterfaceOrientationLandscapeLeft UIInterfaceOrientationLandscapeRight";
				INFOPLIST_KEY_UISupportedInterfaceOrientations_iPhone = "UIInterfaceOrientationPortrait UIInterfaceOrientationLandscapeLeft UIInterfaceOrientationLandscapeRight";
				LD_RUNPATH_SEARCH_PATHS = (
					"$(inherited)",
					"@executable_path/Frameworks",
				);
				MARKETING_VERSION = 1.0;
				PRODUCT_BUNDLE_IDENTIFIER = "pollub.PAMiOS-25-05-08-2";
				PRODUCT_NAME = "$(TARGET_NAME)";
				SWIFT_EMIT_LOC_STRINGS = YES;
				SWIFT_VERSION = 5.0;
				TARGETED_DEVICE_FAMILY = "1,2";
			};
			name = Release;
		};
		3F9807C42DCC946D00FFE862 /* Debug */ = {
			isa = XCBuildConfiguration;
			buildSettings = {
				BUNDLE_LOADER = "$(TEST_HOST)";
				CODE_SIGN_STYLE = Automatic;
				CURRENT_PROJECT_VERSION = 1;
				GENERATE_INFOPLIST_FILE = YES;
				IPHONEOS_DEPLOYMENT_TARGET = 18.0;
				MARKETING_VERSION = 1.0;
				PRODUCT_BUNDLE_IDENTIFIER = "pollub.PAMiOS-25-05-08-2Tests";
				PRODUCT_NAME = "$(TARGET_NAME)";
				SWIFT_EMIT_LOC_STRINGS = NO;
				SWIFT_VERSION = 5.0;
				TARGETED_DEVICE_FAMILY = "1,2";
				TEST_HOST = "$(BUILT_PRODUCTS_DIR)/PAMiOS-25-05-08-2.app/$(BUNDLE_EXECUTABLE_FOLDER_PATH)/PAMiOS-25-05-08-2";
			};
			name = Debug;
		};
		3F9807C52DCC946D00FFE862 /* Release */ = {
			isa = XCBuildConfiguration;
			buildSettings = {
				BUNDLE_LOADER = "$(TEST_HOST)";
				CODE_SIGN_STYLE = Automatic;
				CURRENT_PROJECT_VERSION = 1;
				GENERATE_INFOPLIST_FILE = YES;
				IPHONEOS_DEPLOYMENT_TARGET = 18.0;
				MARKETING_VERSION = 1.0;
				PRODUCT_BUNDLE_IDENTIFIER = "pollub.PAMiOS-25-05-08-2Tests";
				PRODUCT_NAME = "$(TARGET_NAME)";
				SWIFT_EMIT_LOC_STRINGS = NO;
				SWIFT_VERSION = 5.0;
				TARGETED_DEVICE_FAMILY = "1,2";
				TEST_HOST = "$(BUILT_PRODUCTS_DIR)/PAMiOS-25-05-08-2.app/$(BUNDLE_EXECUTABLE_FOLDER_PATH)/PAMiOS-25-05-08-2";
			};
			name = Release;
		};
		3F9807C72DCC946D00FFE862 /* Debug */ = {
			isa = XCBuildConfiguration;
			buildSettings = {
				CODE_SIGN_STYLE = Automatic;
				CURRENT_PROJECT_VERSION = 1;
				GENERATE_INFOPLIST_FILE = YES;
				MARKETING_VERSION = 1.0;
				PRODUCT_BUNDLE_IDENTIFIER = "pollub.PAMiOS-25-05-08-2UITests";
				PRODUCT_NAME = "$(TARGET_NAME)";
				SWIFT_EMIT_LOC_STRINGS = NO;
				SWIFT_VERSION = 5.0;
				TARGETED_DEVICE_FAMILY = "1,2";
				TEST_TARGET_NAME = "PAMiOS-25-05-08-2";
			};
			name = Debug;
		};
		3F9807C82DCC946D00FFE862 /* Release */ = {
			isa = XCBuildConfiguration;
			buildSettings = {
				CODE_SIGN_STYLE = Automatic;
				CURRENT_PROJECT_VERSION = 1;
				GENERATE_INFOPLIST_FILE = YES;
				MARKETING_VERSION = 1.0;
				PRODUCT_BUNDLE_IDENTIFIER = "pollub.PAMiOS-25-05-08-2UITests";
				PRODUCT_NAME = "$(TARGET_NAME)";
				SWIFT_EMIT_LOC_STRINGS = NO;
				SWIFT_VERSION = 5.0;
				TARGETED_DEVICE_FAMILY = "1,2";
				TEST_TARGET_NAME = "PAMiOS-25-05-08-2";
			};
			name = Release;
		};
/* End XCBuildConfiguration section */

/* Begin XCConfigurationList section */
		3F9807922DCC946C00FFE862 /* Build configuration list for PBXProject "PAMiOS-25-05-08-2" */ = {
			isa = XCConfigurationList;
			buildConfigurations = (
				3F9807BE2DCC946D00FFE862 /* Debug */,
				3F9807BF2DCC946D00FFE862 /* Release */,
			);
			defaultConfigurationIsVisible = 0;
			defaultConfigurationName = Release;
		};
		3F9807C02DCC946D00FFE862 /* Build configuration list for PBXNativeTarget "PAMiOS-25-05-08-2" */ = {
			isa = XCConfigurationList;
			buildConfigurations = (
				3F9807C12DCC946D00FFE862 /* Debug */,
				3F9807C22DCC946D00FFE862 /* Release */,
			);
			defaultConfigurationIsVisible = 0;
			defaultConfigurationName = Release;
		};
		3F9807C32DCC946D00FFE862 /* Build configuration list for PBXNativeTarget "PAMiOS-25-05-08-2Tests" */ = {
			isa = XCConfigurationList;
			buildConfigurations = (
				3F9807C42DCC946D00FFE862 /* Debug */,
				3F9807C52DCC946D00FFE862 /* Release */,
			);
			defaultConfigurationIsVisible = 0;
			defaultConfigurationName = Release;
		};
		3F9807C62DCC946D00FFE862 /* Build configuration list for PBXNativeTarget "PAMiOS-25-05-08-2UITests" */ = {
			isa = XCConfigurationList;
			buildConfigurations = (
				3F9807C72DCC946D00FFE862 /* Debug */,
				3F9807C82DCC946D00FFE862 /* Release */,
			);
			defaultConfigurationIsVisible = 0;
			defaultConfigurationName = Release;
		};
/* End XCConfigurationList section */
	};
	rootObject = 3F98078F2DCC946C00FFE862 /* Project object */;
}
